
Microsoft Visual Studio Solution File, Format Version 12.00
# Visual Studio Version 16
VisualStudioVersion = 16.0.31911.196
MinimumVisualStudioVersion = 10.0.40219.1
Project("{FAE04EC0-301F-11D3-BF4B-00C04F79EFBC}") = "Disable Export Model", "Disable Export Model.csproj", "{77D6647B-0018-4FD9-AC74-610DA5F105ED}"
EndProject
Global
	GlobalSection(SolutionConfigurationPlatforms) = preSolution
		Debug|Any CPU = Debug|Any CPU
		Release|Any CPU = Release|Any CPU
	EndGlobalSection
	GlobalSection(ProjectConfigurationPlatforms) = postSolution
		{77D6647B-0018-4FD9-AC74-610DA5F105ED}.Debug|Any CPU.ActiveCfg = Debug|Any CPU
		{77D6647B-0018-4FD9-AC74-610DA5F105ED}.Debug|Any CPU.Build.0 = Debug|Any CPU
		{77D6647B-0018-4FD9-AC74-610DA5F105ED}.Release|Any CPU.ActiveCfg = Release|Any CPU
		{77D6647B-0018-4FD9-AC74-610DA5F105ED}.Release|Any CPU.Build.0 = Release|Any CPU
	EndGlobalSection
	GlobalSection(SolutionProperties) = preSolution
		HideSolutionNode = FALSE
	EndGlobalSection
	GlobalSection(ExtensibilityGlobals) = postSolution
		SolutionGuid = {E0A79C40-B03A-48FD-A3E8-D78BA43AF28C}
	EndGlobalSection
EndGlobal
